// !$*UTF8*$!
{
	archiveVersion = 1;
	classes = {
	};
	objectVersion = 50;
	objects = {

/* Begin PBXBuildFile section */
		8066EC732664ED5300CD27A0 /* AppDelegate.swift in Sources */ = {isa = PBXBuildFile; fileRef = 8066EC722664ED5300CD27A0 /* AppDelegate.swift */; };
		8066EC752664ED5300CD27A0 /* SceneDelegate.swift in Sources */ = {isa = PBXBuildFile; fileRef = 8066EC742664ED5300CD27A0 /* SceneDelegate.swift */; };
		8066EC772664ED5300CD27A0 /* ViewController.swift in Sources */ = {isa = PBXBuildFile; fileRef = 8066EC762664ED5300CD27A0 /* ViewController.swift */; };
		8066EC7A2664ED5300CD27A0 /* Main.storyboard in Resources */ = {isa = PBXBuildFile; fileRef = 8066EC782664ED5300CD27A0 /* Main.storyboard */; };
		8066EC7C2664ED5400CD27A0 /* Assets.xcassets in Resources */ = {isa = PBXBuildFile; fileRef = 8066EC7B2664ED5400CD27A0 /* Assets.xcassets */; };
		8066EC7F2664ED5400CD27A0 /* LaunchScreen.storyboard in Resources */ = {isa = PBXBuildFile; fileRef = 8066EC7D2664ED5400CD27A0 /* LaunchScreen.storyboard */; };
		98C1DD4C5DBC6A8AE7EB5DC3 /* Pods_Minecast.framework in Frameworks */ = {isa = PBXBuildFile; fileRef = 6027172D9A4EBE4DB619CDC7 /* Pods_Minecast.framework */; };
/* End PBXBuildFile section */

/* Begin PBXFileReference section */
		4BFC19148C327123B799DDE1 /* Pods-Minecast.release.xcconfig */ = {isa = PBXFileReference; includeInIndex = 1; lastKnownFileType = text.xcconfig; name = "Pods-Minecast.release.xcconfig"; path = "Target Support Files/Pods-Minecast/Pods-Minecast.release.xcconfig"; sourceTree = "<group>"; };
		6027172D9A4EBE4DB619CDC7 /* Pods_Minecast.framework */ = {isa = PBXFileReference; explicitFileType = wrapper.framework; includeInIndex = 0; path = Pods_Minecast.framework; sourceTree = BUILT_PRODUCTS_DIR; };
		8066EC6F2664ED5300CD27A0 /* Minecast.app */ = {isa = PBXFileReference; explicitFileType = wrapper.application; includeInIndex = 0; path = Minecast.app; sourceTree = BUILT_PRODUCTS_DIR; };
		8066EC722664ED5300CD27A0 /* AppDelegate.swift */ = {isa = PBXFileReference; lastKnownFileType = sourcecode.swift; path = AppDelegate.swift; sourceTree = "<group>"; };
		8066EC742664ED5300CD27A0 /* SceneDelegate.swift */ = {isa = PBXFileReference; lastKnownFileType = sourcecode.swift; path = SceneDelegate.swift; sourceTree = "<group>"; };
		8066EC762664ED5300CD27A0 /* ViewController.swift */ = {isa = PBXFileReference; lastKnownFileType = sourcecode.swift; path = ViewController.swift; sourceTree = "<group>"; };
		8066EC792664ED5300CD27A0 /* Base */ = {isa = PBXFileReference; lastKnownFileType = file.storyboard; name = Base; path = Base.lproj/Main.storyboard; sourceTree = "<group>"; };
		8066EC7B2664ED5400CD27A0 /* Assets.xcassets */ = {isa = PBXFileReference; lastKnownFileType = folder.assetcatalog; path = Assets.xcassets; sourceTree = "<group>"; };
		8066EC7E2664ED5400CD27A0 /* Base */ = {isa = PBXFileReference; lastKnownFileType = file.storyboard; name = Base; path = Base.lproj/LaunchScreen.storyboard; sourceTree = "<group>"; };
		8066EC802664ED5400CD27A0 /* Info.plist */ = {isa = PBXFileReference; lastKnownFileType = text.plist.xml; path = Info.plist; sourceTree = "<group>"; };
		ECD9D6B8F77C852F25DC0A0A /* Pods-Minecast.debug.xcconfig */ = {isa = PBXFileReference; includeInIndex = 1; lastKnownFileType = text.xcconfig; name = "Pods-Minecast.debug.xcconfig"; path = "Target Support Files/Pods-Minecast/Pods-Minecast.debug.xcconfig"; sourceTree = "<group>"; };
/* End PBXFileReference section */

/* Begin PBXFrameworksBuildPhase section */
		8066EC6C2664ED5300CD27A0 /* Frameworks */ = {
			isa = PBXFrameworksBuildPhase;
			buildActionMask = 2147483647;
			files = (
				98C1DD4C5DBC6A8AE7EB5DC3 /* Pods_Minecast.framework in Frameworks */,
			);
			runOnlyForDeploymentPostprocessing = 0;
		};
/* End PBXFrameworksBuildPhase section */

/* Begin PBXGroup section */
		8066EC662664ED5300CD27A0 = {
			isa = PBXGroup;
			children = (
				8066EC712664ED5300CD27A0 /* Minecast */,
				8066EC702664ED5300CD27A0 /* Products */,
				91AB5A9817509C448C5CF617 /* Pods */,
				EA56A4916C3D0F0D16AE4349 /* Frameworks */,
			);
			sourceTree = "<group>";
		};
		8066EC702664ED5300CD27A0 /* Products */ = {
			isa = PBXGroup;
			children = (
				8066EC6F2664ED5300CD27A0 /* Minecast.app */,
			);
			name = Products;
			sourceTree = "<group>";
		};
		8066EC712664ED5300CD27A0 /* Minecast */ = {
			isa = PBXGroup;
			children = (
				8066EC8A2664EDA000CD27A0 /* Views */,
				8066EC882664ED8D00CD27A0 /* Resources */,
				8066EC862664ED7400CD27A0 /* Core */,
				8066EC762664ED5300CD27A0 /* ViewController.swift */,
				8066EC7B2664ED5400CD27A0 /* Assets.xcassets */,
				8066EC802664ED5400CD27A0 /* Info.plist */,
			);
			path = Minecast;
			sourceTree = "<group>";
		};
		8066EC862664ED7400CD27A0 /* Core */ = {
			isa = PBXGroup;
			children = (
			);
			path = Core;
			sourceTree = "<group>";
		};
		8066EC882664ED8D00CD27A0 /* Resources */ = {
			isa = PBXGroup;
			children = (
				8066EC722664ED5300CD27A0 /* AppDelegate.swift */,
				8066EC742664ED5300CD27A0 /* SceneDelegate.swift */,
			);
			path = Resources;
			sourceTree = "<group>";
		};
		8066EC8A2664EDA000CD27A0 /* Views */ = {
			isa = PBXGroup;
			children = (
				8066EC7D2664ED5400CD27A0 /* LaunchScreen.storyboard */,
				8066EC782664ED5300CD27A0 /* Main.storyboard */,
			);
			path = Views;
			sourceTree = "<group>";
		};
		91AB5A9817509C448C5CF617 /* Pods */ = {
			isa = PBXGroup;
			children = (
				ECD9D6B8F77C852F25DC0A0A /* Pods-Minecast.debug.xcconfig */,
				4BFC19148C327123B799DDE1 /* Pods-Minecast.release.xcconfig */,
			);
			name = Pods;
			path = Pods;
			sourceTree = "<group>";
		};
		EA56A4916C3D0F0D16AE4349 /* Frameworks */ = {
			isa = PBXGroup;
			children = (
				6027172D9A4EBE4DB619CDC7 /* Pods_Minecast.framework */,
			);
			name = Frameworks;
			sourceTree = "<group>";
		};
/* End PBXGroup section */

/* Begin PBXNativeTarget section */
		8066EC6E2664ED5300CD27A0 /* Minecast */ = {
			isa = PBXNativeTarget;
			buildConfigurationList = 8066EC832664ED5400CD27A0 /* Build configuration list for PBXNativeTarget "Minecast" */;
			buildPhases = (
				942C80701F56341E1DC6A158 /* [CP] Check Pods Manifest.lock */,
				8066EC6B2664ED5300CD27A0 /* Sources */,
				8066EC6C2664ED5300CD27A0 /* Frameworks */,
				8066EC6D2664ED5300CD27A0 /* Resources */,
				B5CB906CAD2F71A647A07040 /* [CP] Embed Pods Frameworks */,
			);
			buildRules = (
			);
			dependencies = (
			);
			name = Minecast;
			productName = Minecast;
			productReference = 8066EC6F2664ED5300CD27A0 /* Minecast.app */;
			productType = "com.apple.product-type.application";
		};
/* End PBXNativeTarget section */

/* Begin PBXProject section */
		8066EC672664ED5300CD27A0 /* Project object */ = {
			isa = PBXProject;
			attributes = {
				LastSwiftUpdateCheck = 1250;
				LastUpgradeCheck = 1250;
				TargetAttributes = {
					8066EC6E2664ED5300CD27A0 = {
						CreatedOnToolsVersion = 12.5;
					};
				};
			};
			buildConfigurationList = 8066EC6A2664ED5300CD27A0 /* Build configuration list for PBXProject "Minecast" */;
			compatibilityVersion = "Xcode 9.3";
			developmentRegion = en;
			hasScannedForEncodings = 0;
			knownRegions = (
				en,
				Base,
			);
			mainGroup = 8066EC662664ED5300CD27A0;
			productRefGroup = 8066EC702664ED5300CD27A0 /* Products */;
			projectDirPath = "";
			projectRoot = "";
			targets = (
				8066EC6E2664ED5300CD27A0 /* Minecast */,
			);
		};
/* End PBXProject section */

/* Begin PBXResourcesBuildPhase section */
		8066EC6D2664ED5300CD27A0 /* Resources */ = {
			isa = PBXResourcesBuildPhase;
			buildActionMask = 2147483647;
			files = (
				8066EC7F2664ED5400CD27A0 /* LaunchScreen.storyboard in Resources */,
				8066EC7C2664ED5400CD27A0 /* Assets.xcassets in Resources */,
				8066EC7A2664ED5300CD27A0 /* Main.storyboard in Resources */,
			);
			runOnlyForDeploymentPostprocessing = 0;
		};
/* End PBXResourcesBuildPhase section */

/* Begin PBXShellScriptBuildPhase section */
		942C80701F56341E1DC6A158 /* [CP] Check Pods Manifest.lock */ = {
			isa = PBXShellScriptBuildPhase;
			buildActionMask = 2147483647;
			files = (
			);
			inputFileListPaths = (
			);
			inputPaths = (
				"${PODS_PODFILE_DIR_PATH}/Podfile.lock",
				"${PODS_ROOT}/Manifest.lock",
			);
			name = "[CP] Check Pods Manifest.lock";
			outputFileListPaths = (
			);
			outputPaths = (
				"$(DERIVED_FILE_DIR)/Pods-Minecast-checkManifestLockResult.txt",
			);
			runOnlyForDeploymentPostprocessing = 0;
			shellPath = /bin/sh;
			shellScript = "diff \"${PODS_PODFILE_DIR_PATH}/Podfile.lock\" \"${PODS_ROOT}/Manifest.lock\" > /dev/null\nif [ $? != 0 ] ; then\n    # print error to STDERR\n    echo \"error: The sandbox is not in sync with the Podfile.lock. Run 'pod install' or update your CocoaPods installation.\" >&2\n    exit 1\nfi\n# This output is used by Xcode 'outputs' to avoid re-running this script phase.\necho \"SUCCESS\" > \"${SCRIPT_OUTPUT_FILE_0}\"\n";
			showEnvVarsInLog = 0;
		};
		B5CB906CAD2F71A647A07040 /* [CP] Embed Pods Frameworks */ = {
			isa = PBXShellScriptBuildPhase;
			buildActionMask = 2147483647;
			files = (
			);
			inputFileListPaths = (
				"${PODS_ROOT}/Target Support Files/Pods-Minecast/Pods-Minecast-frameworks-${CONFIGURATION}-input-files.xcfilelist",
			);
			name = "[CP] Embed Pods Frameworks";
			outputFileListPaths = (
				"${PODS_ROOT}/Target Support Files/Pods-Minecast/Pods-Minecast-frameworks-${CONFIGURATION}-output-files.xcfilelist",
			);
			runOnlyForDeploymentPostprocessing = 0;
			shellPath = /bin/sh;
			shellScript = "\"${PODS_ROOT}/Target Support Files/Pods-Minecast/Pods-Minecast-frameworks.sh\"\n";
			showEnvVarsInLog = 0;
		};
/* End PBXShellScriptBuildPhase section */

/* Begin PBXSourcesBuildPhase section */
		8066EC6B2664ED5300CD27A0 /* Sources */ = {
			isa = PBXSourcesBuildPhase;
			buildActionMask = 2147483647;
			files = (
				8066EC772664ED5300CD27A0 /* ViewController.swift in Sources */,
				8066EC732664ED5300CD27A0 /* AppDelegate.swift in Sources */,
				8066EC752664ED5300CD27A0 /* SceneDelegate.swift in Sources */,
			);
			runOnlyForDeploymentPostprocessing = 0;
		};
/* End PBXSourcesBuildPhase section */

/* Begin PBXVariantGroup section */
		8066EC782664ED5300CD27A0 /* Main.storyboard */ = {
			isa = PBXVariantGroup;
			children = (
				8066EC792664ED5300CD27A0 /* Base */,
			);
			name = Main.storyboard;
			sourceTree = "<group>";
		};
		8066EC7D2664ED5400CD27A0 /* LaunchScreen.storyboard */ = {
			isa = PBXVariantGroup;
			children = (
				8066EC7E2664ED5400CD27A0 /* Base */,
			);
			name = LaunchScreen.storyboard;
			sourceTree = "<group>";
		};
/* End PBXVariantGroup section */

/* Begin XCBuildConfiguration section */
		8066EC812664ED5400CD27A0 /* Debug */ = {
			isa = XCBuildConfiguration;
			buildSettings = {
				ALWAYS_SEARCH_USER_PATHS = NO;
				CLANG_ANALYZER_NONNULL = YES;
				CLANG_ANALYZER_NUMBER_OBJECT_CONVERSION = YES_AGGRESSIVE;
				CLANG_CXX_LANGUAGE_STANDARD = "gnu++14";
				CLANG_CXX_LIBRARY = "libc++";
				CLANG_ENABLE_MODULES = YES;
				CLANG_ENABLE_OBJC_ARC = YES;
				CLANG_ENABLE_OBJC_WEAK = YES;
				CLANG_WARN_BLOCK_CAPTURE_AUTORELEASING = YES;
				CLANG_WARN_BOOL_CONVERSION = YES;
				CLANG_WARN_COMMA = YES;
				CLANG_WARN_CONSTANT_CONVERSION = YES;
				CLANG_WARN_DEPRECATED_OBJC_IMPLEMENTATIONS = YES;
				CLANG_WARN_DIRECT_OBJC_ISA_USAGE = YES_ERROR;
				CLANG_WARN_DOCUMENTATION_COMMENTS = YES;
				CLANG_WARN_EMPTY_BODY = YES;
				CLANG_WARN_ENUM_CONVERSION = YES;
				CLANG_WARN_INFINITE_RECURSION = YES;
				CLANG_WARN_INT_CONVERSION = YES;
				CLANG_WARN_NON_LITERAL_NULL_CONVERSION = YES;
				CLANG_WARN_OBJC_IMPLICIT_RETAIN_SELF = YES;
				CLANG_WARN_OBJC_LITERAL_CONVERSION = YES;
				CLANG_WARN_OBJC_ROOT_CLASS = YES_ERROR;
				CLANG_WARN_QUOTED_INCLUDE_IN_FRAMEWORK_HEADER = YES;
				CLANG_WARN_RANGE_LOOP_ANALYSIS = YES;
				CLANG_WARN_STRICT_PROTOTYPES = YES;
				CLANG_WARN_SUSPICIOUS_MOVE = YES;
				CLANG_WARN_UNGUARDED_AVAILABILITY = YES_AGGRESSIVE;
				CLANG_WARN_UNREACHABLE_CODE = YES;
				CLANG_WARN__DUPLICATE_METHOD_MATCH = YES;
				COPY_PHASE_STRIP = NO;
				DEBUG_INFORMATION_FORMAT = dwarf;
				ENABLE_STRICT_OBJC_MSGSEND = YES;
				ENABLE_TESTABILITY = YES;
				GCC_C_LANGUAGE_STANDARD = gnu11;
				GCC_DYNAMIC_NO_PIC = NO;
				GCC_NO_COMMON_BLOCKS = YES;
				GCC_OPTIMIZATION_LEVEL = 0;
				GCC_PREPROCESSOR_DEFINITIONS = (
					"DEBUG=1",
					"$(inherited)",
				);
				GCC_WARN_64_TO_32_BIT_CONVERSION = YES;
				GCC_WARN_ABOUT_RETURN_TYPE = YES_ERROR;
				GCC_WARN_UNDECLARED_SELECTOR = YES;
				GCC_WARN_UNINITIALIZED_AUTOS = YES_AGGRESSIVE;
				GCC_WARN_UNUSED_FUNCTION = YES;
				GCC_WARN_UNUSED_VARIABLE = YES;
				IPHONEOS_DEPLOYMENT_TARGET = 14.5;
				MTL_ENABLE_DEBUG_INFO = INCLUDE_SOURCE;
				MTL_FAST_MATH = YES;
				ONLY_ACTIVE_ARCH = YES;
				SDKROOT = iphoneos;
				SWIFT_ACTIVE_COMPILATION_CONDITIONS = DEBUG;
				SWIFT_OPTIMIZATION_LEVEL = "-Onone";
			};
			name = Debug;
		};
		8066EC822664ED5400CD27A0 /* Release */ = {
			isa = XCBuildConfiguration;
			buildSettings = {
				ALWAYS_SEARCH_USER_PATHS = NO;
				CLANG_ANALYZER_NONNULL = YES;
				CLANG_ANALYZER_NUMBER_OBJECT_CONVERSION = YES_AGGRESSIVE;
				CLANG_CXX_LANGUAGE_STANDARD = "gnu++14";
				CLANG_CXX_LIBRARY = "libc++";
				CLANG_ENABLE_MODULES = YES;
				CLANG_ENABLE_OBJC_ARC = YES;
				CLANG_ENABLE_OBJC_WEAK = YES;
				CLANG_WARN_BLOCK_CAPTURE_AUTORELEASING = YES;
				CLANG_WARN_BOOL_CONVERSION = YES;
				CLANG_WARN_COMMA = YES;
				CLANG_WARN_CONSTANT_CONVERSION = YES;
				CLANG_WARN_DEPRECATED_OBJC_IMPLEMENTATIONS = YES;
				CLANG_WARN_DIRECT_OBJC_ISA_USAGE = YES_ERROR;
				CLANG_WARN_DOCUMENTATION_COMMENTS = YES;
				CLANG_WARN_EMPTY_BODY = YES;
				CLANG_WARN_ENUM_CONVERSION = YES;
				CLANG_WARN_INFINITE_RECURSION = YES;
				CLANG_WARN_INT_CONVERSION = YES;
				CLANG_WARN_NON_LITERAL_NULL_CONVERSION = YES;
				CLANG_WARN_OBJC_IMPLICIT_RETAIN_SELF = YES;
				CLANG_WARN_OBJC_LITERAL_CONVERSION = YES;
				CLANG_WARN_OBJC_ROOT_CLASS = YES_ERROR;
				CLANG_WARN_QUOTED_INCLUDE_IN_FRAMEWORK_HEADER = YES;
				CLANG_WARN_RANGE_LOOP_ANALYSIS = YES;
				CLANG_WARN_STRICT_PROTOTYPES = YES;
				CLANG_WARN_SUSPICIOUS_MOVE = YES;
				CLANG_WARN_UNGUARDED_AVAILABILITY = YES_AGGRESSIVE;
				CLANG_WARN_UNREACHABLE_CODE = YES;
				CLANG_WARN__DUPLICATE_METHOD_MATCH = YES;
				COPY_PHASE_STRIP = NO;
				DEBUG_INFORMATION_FORMAT = "dwarf-with-dsym";
				ENABLE_NS_ASSERTIONS = NO;
				ENABLE_STRICT_OBJC_MSGSEND = YES;
				GCC_C_LANGUAGE_STANDARD = gnu11;
				GCC_NO_COMMON_BLOCKS = YES;
				GCC_WARN_64_TO_32_BIT_CONVERSION = YES;
				GCC_WARN_ABOUT_RETURN_TYPE = YES_ERROR;
				GCC_WARN_UNDECLARED_SELECTOR = YES;
				GCC_WARN_UNINITIALIZED_AUTOS = YES_AGGRESSIVE;
				GCC_WARN_UNUSED_FUNCTION = YES;
				GCC_WARN_UNUSED_VARIABLE = YES;
				IPHONEOS_DEPLOYMENT_TARGET = 14.5;
				MTL_ENABLE_DEBUG_INFO = NO;
				MTL_FAST_MATH = YES;
				SDKROOT = iphoneos;
				SWIFT_COMPILATION_MODE = wholemodule;
				SWIFT_OPTIMIZATION_LEVEL = "-O";
				VALIDATE_PRODUCT = YES;
			};
			name = Release;
		};
		8066EC842664ED5400CD27A0 /* Debug */ = {
			isa = XCBuildConfiguration;
			baseConfigurationReference = ECD9D6B8F77C852F25DC0A0A /* Pods-Minecast.debug.xcconfig */;
			buildSettings = {
				ASSETCATALOG_COMPILER_APPICON_NAME = AppIcon;
				ASSETCATALOG_COMPILER_GLOBAL_ACCENT_COLOR_NAME = AccentColor;
				CODE_SIGN_STYLE = Automatic;
				DEVELOPMENT_TEAM = 6H855QS8AA;
				INFOPLIST_FILE = Minecast/Info.plist;
				LD_RUNPATH_SEARCH_PATHS = (
					"$(inherited)",
					"@executable_path/Frameworks",
				);
				PRODUCT_BUNDLE_IDENTIFIER = ViA.Minecast;
				PRODUCT_NAME = "$(TARGET_NAME)";
				SWIFT_VERSION = 5.0;
				TARGETED_DEVICE_FAMILY = "1,2";
			};
			name = Debug;
		};
		8066EC852664ED5400CD27A0 /* Release */ = {
			isa = XCBuildConfiguration;
			baseConfigurationReference = 4BFC19148C327123B799DDE1 /* Pods-Minecast.release.xcconfig */;
			buildSettings = {
				ASSETCATALOG_COMPILER_APPICON_NAME = AppIcon;
				ASSETCATALOG_COMPILER_GLOBAL_ACCENT_COLOR_NAME = AccentColor;
				CODE_SIGN_STYLE = Automatic;
				DEVELOPMENT_TEAM = 6H855QS8AA;
				INFOPLIST_FILE = Minecast/Info.plist;
				LD_RUNPATH_SEARCH_PATHS = (
					"$(inherited)",
					"@executable_path/Frameworks",
				);
				PRODUCT_BUNDLE_IDENTIFIER = ViA.Minecast;
				PRODUCT_NAME = "$(TARGET_NAME)";
				SWIFT_VERSION = 5.0;
				TARGETED_DEVICE_FAMILY = "1,2";
			};
			name = Release;
		};
/* End XCBuildConfiguration section */

/* Begin XCConfigurationList section */
		8066EC6A2664ED5300CD27A0 /* Build configuration list for PBXProject "Minecast" */ = {
			isa = XCConfigurationList;
			buildConfigurations = (
				8066EC812664ED5400CD27A0 /* Debug */,
				8066EC822664ED5400CD27A0 /* Release */,
			);
			defaultConfigurationIsVisible = 0;
			defaultConfigurationName = Release;
		};
		8066EC832664ED5400CD27A0 /* Build configuration list for PBXNativeTarget "Minecast" */ = {
			isa = XCConfigurationList;
			buildConfigurations = (
				8066EC842664ED5400CD27A0 /* Debug */,
				8066EC852664ED5400CD27A0 /* Release */,
			);
			defaultConfigurationIsVisible = 0;
			defaultConfigurationName = Release;
		};
/* End XCConfigurationList section */
	};
	rootObject = 8066EC672664ED5300CD27A0 /* Project object */;
}
